
Microsoft Visual Studio Solution File, Format Version 12.00
# Visual Studio Version 16
VisualStudioVersion = 25.0.1706.11
MinimumVisualStudioVersion = 10.0.40219.1
Project("{FAE04EC0-301F-11D3-BF4B-00C04F79EFBC}") = "CreekRiver", "CreekRiver.csproj", "{35242687-AF40-47AE-816E-99DBCB36F8BB}"
EndProject
Global
	GlobalSection(SolutionConfigurationPlatforms) = preSolution
		Debug|Any CPU = Debug|Any CPU
		Release|Any CPU = Release|Any CPU
	EndGlobalSection
	GlobalSection(ProjectConfigurationPlatforms) = postSolution
		{35242687-AF40-47AE-816E-99DBCB36F8BB}.Debug|Any CPU.ActiveCfg = Debug|Any CPU
		{35242687-AF40-47AE-816E-99DBCB36F8BB}.Debug|Any CPU.Build.0 = Debug|Any CPU
		{35242687-AF40-47AE-816E-99DBCB36F8BB}.Release|Any CPU.ActiveCfg = Release|Any CPU
		{35242687-AF40-47AE-816E-99DBCB36F8BB}.Release|Any CPU.Build.0 = Release|Any CPU
	EndGlobalSection
	GlobalSection(SolutionProperties) = preSolution
		HideSolutionNode = FALSE
	EndGlobalSection
	GlobalSection(ExtensibilityGlobals) = postSolution
		SolutionGuid = {4B38BA11-A83B-44F3-8435-AAA054528C24}
	EndGlobalSection
EndGlobal
